
Microsoft Visual Studio Solution File, Format Version 12.00
# Visual Studio Version 17
VisualStudioVersion = 17.7.34009.444
MinimumVisualStudioVersion = 10.0.40219.1
Project("{FAE04EC0-301F-11D3-BF4B-00C04F79EFBC}") = "FuncProg", "FuncProg\FuncProg.csproj", "{92DAFFE6-0BDD-4407-B73F-472E4732DC53}"
EndProject
Project("{FAE04EC0-301F-11D3-BF4B-00C04F79EFBC}") = "PureFunctions", "PureFunctions\PureFunctions.csproj", "{D4ACADE0-238C-45CF-B283-537BC70CED53}"
EndProject
Project("{FAE04EC0-301F-11D3-BF4B-00C04F79EFBC}") = "PureFunctions.RefactoringTask", "PureFunctions.RefactoringTask\PureFunctions.RefactoringTask.csproj", "{9537EB7C-19C1-46C8-B9C0-E08BA63ABB24}"
EndProject
Project("{FAE04EC0-301F-11D3-BF4B-00C04F79EFBC}") = "Immutables", "Immutables\Immutables.csproj", "{1B43791D-8CB8-4013-8881-D1CCB6CAB923}"
EndProject
Project("{FAE04EC0-301F-11D3-BF4B-00C04F79EFBC}") = "TailRecursion", "TailRecursion\TailRecursion.csproj", "{ED5FE9CF-9F53-48A2-B6D4-BB54719200AB}"
EndProject
Project("{FAE04EC0-301F-11D3-BF4B-00C04F79EFBC}") = "Closure", "Closure\Closure.csproj", "{7A02027E-B19A-498D-9E6C-1B4D0BDAEA1C}"
EndProject
Project("{FAE04EC0-301F-11D3-BF4B-00C04F79EFBC}") = "Monad", "Monad\Monad.csproj", "{8440F73D-3EBD-417F-826A-36A4536E6278}"
EndProject
Global
	GlobalSection(SolutionConfigurationPlatforms) = preSolution
		Debug|Any CPU = Debug|Any CPU
		Release|Any CPU = Release|Any CPU
	EndGlobalSection
	GlobalSection(ProjectConfigurationPlatforms) = postSolution
		{92DAFFE6-0BDD-4407-B73F-472E4732DC53}.Debug|Any CPU.ActiveCfg = Debug|Any CPU
		{92DAFFE6-0BDD-4407-B73F-472E4732DC53}.Debug|Any CPU.Build.0 = Debug|Any CPU
		{92DAFFE6-0BDD-4407-B73F-472E4732DC53}.Release|Any CPU.ActiveCfg = Release|Any CPU
		{92DAFFE6-0BDD-4407-B73F-472E4732DC53}.Release|Any CPU.Build.0 = Release|Any CPU
		{D4ACADE0-238C-45CF-B283-537BC70CED53}.Debug|Any CPU.ActiveCfg = Debug|Any CPU
		{D4ACADE0-238C-45CF-B283-537BC70CED53}.Debug|Any CPU.Build.0 = Debug|Any CPU
		{D4ACADE0-238C-45CF-B283-537BC70CED53}.Release|Any CPU.ActiveCfg = Release|Any CPU
		{D4ACADE0-238C-45CF-B283-537BC70CED53}.Release|Any CPU.Build.0 = Release|Any CPU
		{9537EB7C-19C1-46C8-B9C0-E08BA63ABB24}.Debug|Any CPU.ActiveCfg = Debug|Any CPU
		{9537EB7C-19C1-46C8-B9C0-E08BA63ABB24}.Debug|Any CPU.Build.0 = Debug|Any CPU
		{9537EB7C-19C1-46C8-B9C0-E08BA63ABB24}.Release|Any CPU.ActiveCfg = Release|Any CPU
		{9537EB7C-19C1-46C8-B9C0-E08BA63ABB24}.Release|Any CPU.Build.0 = Release|Any CPU
		{1B43791D-8CB8-4013-8881-D1CCB6CAB923}.Debug|Any CPU.ActiveCfg = Debug|Any CPU
		{1B43791D-8CB8-4013-8881-D1CCB6CAB923}.Debug|Any CPU.Build.0 = Debug|Any CPU
		{1B43791D-8CB8-4013-8881-D1CCB6CAB923}.Release|Any CPU.ActiveCfg = Release|Any CPU
		{1B43791D-8CB8-4013-8881-D1CCB6CAB923}.Release|Any CPU.Build.0 = Release|Any CPU
		{ED5FE9CF-9F53-48A2-B6D4-BB54719200AB}.Debug|Any CPU.ActiveCfg = Debug|Any CPU
		{ED5FE9CF-9F53-48A2-B6D4-BB54719200AB}.Debug|Any CPU.Build.0 = Debug|Any CPU
		{ED5FE9CF-9F53-48A2-B6D4-BB54719200AB}.Release|Any CPU.ActiveCfg = Release|Any CPU
		{ED5FE9CF-9F53-48A2-B6D4-BB54719200AB}.Release|Any CPU.Build.0 = Release|Any CPU
		{7A02027E-B19A-498D-9E6C-1B4D0BDAEA1C}.Debug|Any CPU.ActiveCfg = Debug|Any CPU
		{7A02027E-B19A-498D-9E6C-1B4D0BDAEA1C}.Debug|Any CPU.Build.0 = Debug|Any CPU
		{7A02027E-B19A-498D-9E6C-1B4D0BDAEA1C}.Release|Any CPU.ActiveCfg = Release|Any CPU
		{7A02027E-B19A-498D-9E6C-1B4D0BDAEA1C}.Release|Any CPU.Build.0 = Release|Any CPU
		{8440F73D-3EBD-417F-826A-36A4536E6278}.Debug|Any CPU.ActiveCfg = Debug|Any CPU
		{8440F73D-3EBD-417F-826A-36A4536E6278}.Debug|Any CPU.Build.0 = Debug|Any CPU
		{8440F73D-3EBD-417F-826A-36A4536E6278}.Release|Any CPU.ActiveCfg = Release|Any CPU
		{8440F73D-3EBD-417F-826A-36A4536E6278}.Release|Any CPU.Build.0 = Release|Any CPU
	EndGlobalSection
	GlobalSection(SolutionProperties) = preSolution
		HideSolutionNode = FALSE
	EndGlobalSection
	GlobalSection(ExtensibilityGlobals) = postSolution
		SolutionGuid = {CFEA342F-E9A5-46BC-AAEA-6404E6F038EF}
	EndGlobalSection
EndGlobal
